// !$*UTF8*$!
{
	archiveVersion = 1;
	classes = {
	};
	objectVersion = 77;
	objects = {

/* Begin PBXBuildFile section */
		E8309C2F2E5F97CE00341789 /* NewTrackerCollectionViewCell.swift in Sources */ = {isa = PBXBuildFile; fileRef = E8309C2E2E5F97CE00341789 /* NewTrackerCollectionViewCell.swift */; };
		E8309C312E5F981000341789 /* NewTrackerCollectionSectionHeader.swift in Sources */ = {isa = PBXBuildFile; fileRef = E8309C302E5F981000341789 /* NewTrackerCollectionSectionHeader.swift */; };
		E8309C332E6B5A4800341789 /* TrackersDataProvider.swift in Sources */ = {isa = PBXBuildFile; fileRef = E8309C322E6B5A4800341789 /* TrackersDataProvider.swift */; };
		E847F0502E4A926D00196DC4 /* WeekDayViewController.swift in Sources */ = {isa = PBXBuildFile; fileRef = E847F04F2E4A926D00196DC4 /* WeekDayViewController.swift */; };
		E852611C2E34F73800D1CED4 /* OnboardViewController.swift in Sources */ = {isa = PBXBuildFile; fileRef = E85261112E34F73800D1CED4 /* OnboardViewController.swift */; };
		E852611D2E34F73800D1CED4 /* TabBarController.swift in Sources */ = {isa = PBXBuildFile; fileRef = E85261132E34F73800D1CED4 /* TabBarController.swift */; };
		E852611E2E34F73800D1CED4 /* AppDelegate.swift in Sources */ = {isa = PBXBuildFile; fileRef = E85261152E34F73800D1CED4 /* AppDelegate.swift */; };
		E852611F2E34F73800D1CED4 /* SceneDelegate.swift in Sources */ = {isa = PBXBuildFile; fileRef = E852611A2E34F73800D1CED4 /* SceneDelegate.swift */; };
		E85261202E34F73800D1CED4 /* Assets.xcassets in Resources */ = {isa = PBXBuildFile; fileRef = E85261162E34F73800D1CED4 /* Assets.xcassets */; };
		E85261222E34F73800D1CED4 /* LaunchScreen.storyboard in Resources */ = {isa = PBXBuildFile; fileRef = E85261192E34F73800D1CED4 /* LaunchScreen.storyboard */; };
		E85261262E3510FD00D1CED4 /* TrackersViewController.swift in Sources */ = {isa = PBXBuildFile; fileRef = E85261252E3510FD00D1CED4 /* TrackersViewController.swift */; };
		E85261282E35112600D1CED4 /* StatsViewController.swift in Sources */ = {isa = PBXBuildFile; fileRef = E85261272E35112600D1CED4 /* StatsViewController.swift */; };
		E852614A2E36AB9D00D1CED4 /* DateFormatter.swift in Sources */ = {isa = PBXBuildFile; fileRef = E85261492E36AB9D00D1CED4 /* DateFormatter.swift */; };
		E852614C2E3E34C500D1CED4 /* Tracker.swift in Sources */ = {isa = PBXBuildFile; fileRef = E852614B2E3E34C500D1CED4 /* Tracker.swift */; };
		E852614F2E3E350B00D1CED4 /* TrackerCategory.swift in Sources */ = {isa = PBXBuildFile; fileRef = E852614E2E3E350B00D1CED4 /* TrackerCategory.swift */; };
		E85261512E3E353500D1CED4 /* TrackerRecord.swift in Sources */ = {isa = PBXBuildFile; fileRef = E85261502E3E353500D1CED4 /* TrackerRecord.swift */; };
		E85261532E3E802E00D1CED4 /* Week.swift in Sources */ = {isa = PBXBuildFile; fileRef = E85261522E3E802E00D1CED4 /* Week.swift */; };
		E85261552E3FC29400D1CED4 /* TrackersCollectionViewCell.swift in Sources */ = {isa = PBXBuildFile; fileRef = E85261542E3FC29400D1CED4 /* TrackersCollectionViewCell.swift */; };
		E85261572E3FE27A00D1CED4 /* TrackersCollectionSectionHeader.swift in Sources */ = {isa = PBXBuildFile; fileRef = E85261562E3FE27A00D1CED4 /* TrackersCollectionSectionHeader.swift */; };
		E870C1282E54EAFD00D6B8C6 /* UserDefaults.swift in Sources */ = {isa = PBXBuildFile; fileRef = E870C1272E54EAFD00D6B8C6 /* UserDefaults.swift */; };
		E8AE75CA2E5E496F00B620CE /* CoreDataManager.swift in Sources */ = {isa = PBXBuildFile; fileRef = E8AE75C92E5E496F00B620CE /* CoreDataManager.swift */; };
		E8E7B3D12E48EFED00CD706E /* NewTrackerViewController.swift in Sources */ = {isa = PBXBuildFile; fileRef = E8E7B3D02E48EFED00CD706E /* NewTrackerViewController.swift */; };
		E8F120CD2E59EED30038D94E /* TrackerData.xcdatamodeld in Sources */ = {isa = PBXBuildFile; fileRef = E8F120CB2E59EED30038D94E /* TrackerData.xcdatamodeld */; };
		E8F120CF2E59F92F0038D94E /* DaysValueTransformer.swift in Sources */ = {isa = PBXBuildFile; fileRef = E8F120CE2E59F92F0038D94E /* DaysValueTransformer.swift */; };
		E8F121162E5A3A7D0038D94E /* TrackerStore.swift in Sources */ = {isa = PBXBuildFile; fileRef = E8F121152E5A3A7D0038D94E /* TrackerStore.swift */; };
		E8F121182E5A3AF70038D94E /* TrackerCategoryStore.swift in Sources */ = {isa = PBXBuildFile; fileRef = E8F121172E5A3AF70038D94E /* TrackerCategoryStore.swift */; };
		E8F1211A2E5A3B750038D94E /* TrackerRecordStore.swift in Sources */ = {isa = PBXBuildFile; fileRef = E8F121192E5A3B750038D94E /* TrackerRecordStore.swift */; };
/* End PBXBuildFile section */

/* Begin PBXFileReference section */
		E83079F82E32B3240069F31A /* Tracker.app */ = {isa = PBXFileReference; explicitFileType = wrapper.application; includeInIndex = 0; path = Tracker.app; sourceTree = BUILT_PRODUCTS_DIR; };
		E8309C2E2E5F97CE00341789 /* NewTrackerCollectionViewCell.swift */ = {isa = PBXFileReference; lastKnownFileType = sourcecode.swift; path = NewTrackerCollectionViewCell.swift; sourceTree = "<group>"; };
		E8309C302E5F981000341789 /* NewTrackerCollectionSectionHeader.swift */ = {isa = PBXFileReference; lastKnownFileType = sourcecode.swift; path = NewTrackerCollectionSectionHeader.swift; sourceTree = "<group>"; };
		E8309C322E6B5A4800341789 /* TrackersDataProvider.swift */ = {isa = PBXFileReference; lastKnownFileType = sourcecode.swift; path = TrackersDataProvider.swift; sourceTree = "<group>"; };
		E847F04F2E4A926D00196DC4 /* WeekDayViewController.swift */ = {isa = PBXFileReference; lastKnownFileType = sourcecode.swift; path = WeekDayViewController.swift; sourceTree = "<group>"; };
		E85261112E34F73800D1CED4 /* OnboardViewController.swift */ = {isa = PBXFileReference; lastKnownFileType = sourcecode.swift; path = OnboardViewController.swift; sourceTree = "<group>"; };
		E85261132E34F73800D1CED4 /* TabBarController.swift */ = {isa = PBXFileReference; lastKnownFileType = sourcecode.swift; path = TabBarController.swift; sourceTree = "<group>"; };
		E85261152E34F73800D1CED4 /* AppDelegate.swift */ = {isa = PBXFileReference; lastKnownFileType = sourcecode.swift; path = AppDelegate.swift; sourceTree = "<group>"; };
		E85261162E34F73800D1CED4 /* Assets.xcassets */ = {isa = PBXFileReference; lastKnownFileType = folder.assetcatalog; path = Assets.xcassets; sourceTree = "<group>"; };
		E85261172E34F73800D1CED4 /* Info.plist */ = {isa = PBXFileReference; lastKnownFileType = text.plist.xml; path = Info.plist; sourceTree = "<group>"; };
		E85261182E34F73800D1CED4 /* Base */ = {isa = PBXFileReference; lastKnownFileType = file.storyboard; name = Base; path = Base.lproj/LaunchScreen.storyboard; sourceTree = "<group>"; };
		E852611A2E34F73800D1CED4 /* SceneDelegate.swift */ = {isa = PBXFileReference; lastKnownFileType = sourcecode.swift; path = SceneDelegate.swift; sourceTree = "<group>"; };
		E85261252E3510FD00D1CED4 /* TrackersViewController.swift */ = {isa = PBXFileReference; lastKnownFileType = sourcecode.swift; path = TrackersViewController.swift; sourceTree = "<group>"; };
		E85261272E35112600D1CED4 /* StatsViewController.swift */ = {isa = PBXFileReference; lastKnownFileType = sourcecode.swift; path = StatsViewController.swift; sourceTree = "<group>"; };
		E85261492E36AB9D00D1CED4 /* DateFormatter.swift */ = {isa = PBXFileReference; lastKnownFileType = sourcecode.swift; path = DateFormatter.swift; sourceTree = "<group>"; };
		E852614B2E3E34C500D1CED4 /* Tracker.swift */ = {isa = PBXFileReference; lastKnownFileType = sourcecode.swift; path = Tracker.swift; sourceTree = "<group>"; };
		E852614E2E3E350B00D1CED4 /* TrackerCategory.swift */ = {isa = PBXFileReference; lastKnownFileType = sourcecode.swift; path = TrackerCategory.swift; sourceTree = "<group>"; };
		E85261502E3E353500D1CED4 /* TrackerRecord.swift */ = {isa = PBXFileReference; lastKnownFileType = sourcecode.swift; path = TrackerRecord.swift; sourceTree = "<group>"; };
		E85261522E3E802E00D1CED4 /* Week.swift */ = {isa = PBXFileReference; lastKnownFileType = sourcecode.swift; path = Week.swift; sourceTree = "<group>"; };
		E85261542E3FC29400D1CED4 /* TrackersCollectionViewCell.swift */ = {isa = PBXFileReference; lastKnownFileType = sourcecode.swift; path = TrackersCollectionViewCell.swift; sourceTree = "<group>"; };
		E85261562E3FE27A00D1CED4 /* TrackersCollectionSectionHeader.swift */ = {isa = PBXFileReference; lastKnownFileType = sourcecode.swift; path = TrackersCollectionSectionHeader.swift; sourceTree = "<group>"; };
		E870C1272E54EAFD00D6B8C6 /* UserDefaults.swift */ = {isa = PBXFileReference; lastKnownFileType = sourcecode.swift; path = UserDefaults.swift; sourceTree = "<group>"; };
		E8AE75C92E5E496F00B620CE /* CoreDataManager.swift */ = {isa = PBXFileReference; lastKnownFileType = sourcecode.swift; path = CoreDataManager.swift; sourceTree = "<group>"; };
		E8E7B3D02E48EFED00CD706E /* NewTrackerViewController.swift */ = {isa = PBXFileReference; lastKnownFileType = sourcecode.swift; path = NewTrackerViewController.swift; sourceTree = "<group>"; };
		E8F120CC2E59EED30038D94E /* TrackerData.xcdatamodel */ = {isa = PBXFileReference; lastKnownFileType = wrapper.xcdatamodel; path = TrackerData.xcdatamodel; sourceTree = "<group>"; };
		E8F120CE2E59F92F0038D94E /* DaysValueTransformer.swift */ = {isa = PBXFileReference; lastKnownFileType = sourcecode.swift; path = DaysValueTransformer.swift; sourceTree = "<group>"; };
		E8F121152E5A3A7D0038D94E /* TrackerStore.swift */ = {isa = PBXFileReference; lastKnownFileType = sourcecode.swift; path = TrackerStore.swift; sourceTree = "<group>"; };
		E8F121172E5A3AF70038D94E /* TrackerCategoryStore.swift */ = {isa = PBXFileReference; lastKnownFileType = sourcecode.swift; path = TrackerCategoryStore.swift; sourceTree = "<group>"; };
		E8F121192E5A3B750038D94E /* TrackerRecordStore.swift */ = {isa = PBXFileReference; lastKnownFileType = sourcecode.swift; path = TrackerRecordStore.swift; sourceTree = "<group>"; };
/* End PBXFileReference section */

/* Begin PBXFrameworksBuildPhase section */
		E83079F52E32B3240069F31A /* Frameworks */ = {
			isa = PBXFrameworksBuildPhase;
			buildActionMask = 2147483647;
			files = (
			);
			runOnlyForDeploymentPostprocessing = 0;
		};
/* End PBXFrameworksBuildPhase section */

/* Begin PBXGroup section */
		E83079EF2E32B3240069F31A = {
			isa = PBXGroup;
			children = (
				E83079F92E32B3240069F31A /* Products */,
				E852611B2E34F73800D1CED4 /* Tracker */,
			);
			sourceTree = "<group>";
		};
		E83079F92E32B3240069F31A /* Products */ = {
			isa = PBXGroup;
			children = (
				E83079F82E32B3240069F31A /* Tracker.app */,
			);
			name = Products;
			sourceTree = "<group>";
		};
		E847F04A2E4A726100196DC4 /* NewTrackerView */ = {
			isa = PBXGroup;
			children = (
				E8E7B3D02E48EFED00CD706E /* NewTrackerViewController.swift */,
				E8309C2E2E5F97CE00341789 /* NewTrackerCollectionViewCell.swift */,
				E8309C302E5F981000341789 /* NewTrackerCollectionSectionHeader.swift */,
				E847F04F2E4A926D00196DC4 /* WeekDayViewController.swift */,
			);
			path = NewTrackerView;
			sourceTree = "<group>";
		};
		E85261122E34F73800D1CED4 /* OnboardView */ = {
			isa = PBXGroup;
			children = (
				E85261112E34F73800D1CED4 /* OnboardViewController.swift */,
			);
			path = OnboardView;
			sourceTree = "<group>";
		};
		E85261142E34F73800D1CED4 /* TabBar */ = {
			isa = PBXGroup;
			children = (
				E85261132E34F73800D1CED4 /* TabBarController.swift */,
			);
			path = TabBar;
			sourceTree = "<group>";
		};
		E852611B2E34F73800D1CED4 /* Tracker */ = {
			isa = PBXGroup;
			children = (
				E85261142E34F73800D1CED4 /* TabBar */,
				E85261122E34F73800D1CED4 /* OnboardView */,
				E8834C6D2E5F2FF7001BFE5E /* StatsViewController */,
				E8F120CE2E59F92F0038D94E /* DaysValueTransformer.swift */,
				E870C1272E54EAFD00D6B8C6 /* UserDefaults.swift */,
				E85261152E34F73800D1CED4 /* AppDelegate.swift */,
				E852611A2E34F73800D1CED4 /* SceneDelegate.swift */,
				E85261492E36AB9D00D1CED4 /* DateFormatter.swift */,
				E85261162E34F73800D1CED4 /* Assets.xcassets */,
				E85261172E34F73800D1CED4 /* Info.plist */,
				E85261192E34F73800D1CED4 /* LaunchScreen.storyboard */,
				E8F120E02E5A267C0038D94E /* CoreData */,
				E852614D2E3E34DD00D1CED4 /* Model */,
				E8834C6C2E5F2FAD001BFE5E /* TrackersViewController */,
				E847F04A2E4A726100196DC4 /* NewTrackerView */,
			);
			path = Tracker;
			sourceTree = "<group>";
		};
		E852614D2E3E34DD00D1CED4 /* Model */ = {
			isa = PBXGroup;
			children = (
				E852614B2E3E34C500D1CED4 /* Tracker.swift */,
				E852614E2E3E350B00D1CED4 /* TrackerCategory.swift */,
				E85261502E3E353500D1CED4 /* TrackerRecord.swift */,
				E85261522E3E802E00D1CED4 /* Week.swift */,
			);
			path = Model;
			sourceTree = "<group>";
		};
		E8834C6C2E5F2FAD001BFE5E /* TrackersViewController */ = {
			isa = PBXGroup;
			children = (
				E85261252E3510FD00D1CED4 /* TrackersViewController.swift */,
				E85261542E3FC29400D1CED4 /* TrackersCollectionViewCell.swift */,
				E85261562E3FE27A00D1CED4 /* TrackersCollectionSectionHeader.swift */,
			);
			path = TrackersViewController;
			sourceTree = "<group>";
		};
		E8834C6D2E5F2FF7001BFE5E /* StatsViewController */ = {
			isa = PBXGroup;
			children = (
				E85261272E35112600D1CED4 /* StatsViewController.swift */,
			);
			path = StatsViewController;
			sourceTree = "<group>";
		};
		E8F120E02E5A267C0038D94E /* CoreData */ = {
			isa = PBXGroup;
			children = (
				E8F120CB2E59EED30038D94E /* TrackerData.xcdatamodeld */,
				E8F121152E5A3A7D0038D94E /* TrackerStore.swift */,
				E8309C322E6B5A4800341789 /* TrackersDataProvider.swift */,
				E8F121172E5A3AF70038D94E /* TrackerCategoryStore.swift */,
				E8F121192E5A3B750038D94E /* TrackerRecordStore.swift */,
				E8AE75C92E5E496F00B620CE /* CoreDataManager.swift */,
			);
			path = CoreData;
			sourceTree = "<group>";
		};
/* End PBXGroup section */

/* Begin PBXNativeTarget section */
		E83079F72E32B3240069F31A /* Tracker */ = {
			isa = PBXNativeTarget;
			buildConfigurationList = E8307A0B2E32B3260069F31A /* Build configuration list for PBXNativeTarget "Tracker" */;
			buildPhases = (
				E83079F42E32B3240069F31A /* Sources */,
				E83079F52E32B3240069F31A /* Frameworks */,
				E83079F62E32B3240069F31A /* Resources */,
			);
			buildRules = (
			);
			dependencies = (
			);
			name = Tracker;
			packageProductDependencies = (
			);
			productName = Tracker;
			productReference = E83079F82E32B3240069F31A /* Tracker.app */;
			productType = "com.apple.product-type.application";
		};
/* End PBXNativeTarget section */

/* Begin PBXProject section */
		E83079F02E32B3240069F31A /* Project object */ = {
			isa = PBXProject;
			attributes = {
				BuildIndependentTargetsInParallel = 1;
				LastSwiftUpdateCheck = 1640;
				LastUpgradeCheck = 1640;
				TargetAttributes = {
					E83079F72E32B3240069F31A = {
						CreatedOnToolsVersion = 16.4;
					};
				};
			};
			buildConfigurationList = E83079F32E32B3240069F31A /* Build configuration list for PBXProject "Tracker" */;
			developmentRegion = en;
			hasScannedForEncodings = 0;
			knownRegions = (
				en,
				Base,
			);
			mainGroup = E83079EF2E32B3240069F31A;
			minimizedProjectReferenceProxies = 1;
			preferredProjectObjectVersion = 77;
			productRefGroup = E83079F92E32B3240069F31A /* Products */;
			projectDirPath = "";
			projectRoot = "";
			targets = (
				E83079F72E32B3240069F31A /* Tracker */,
			);
		};
/* End PBXProject section */

/* Begin PBXResourcesBuildPhase section */
		E83079F62E32B3240069F31A /* Resources */ = {
			isa = PBXResourcesBuildPhase;
			buildActionMask = 2147483647;
			files = (
				E85261202E34F73800D1CED4 /* Assets.xcassets in Resources */,
				E85261222E34F73800D1CED4 /* LaunchScreen.storyboard in Resources */,
			);
			runOnlyForDeploymentPostprocessing = 0;
		};
/* End PBXResourcesBuildPhase section */

/* Begin PBXSourcesBuildPhase section */
		E83079F42E32B3240069F31A /* Sources */ = {
			isa = PBXSourcesBuildPhase;
			buildActionMask = 2147483647;
			files = (
				E852614A2E36AB9D00D1CED4 /* DateFormatter.swift in Sources */,
				E8E7B3D12E48EFED00CD706E /* NewTrackerViewController.swift in Sources */,
				E8F121162E5A3A7D0038D94E /* TrackerStore.swift in Sources */,
				E852611C2E34F73800D1CED4 /* OnboardViewController.swift in Sources */,
				E85261572E3FE27A00D1CED4 /* TrackersCollectionSectionHeader.swift in Sources */,
				E870C1282E54EAFD00D6B8C6 /* UserDefaults.swift in Sources */,
				E8309C2F2E5F97CE00341789 /* NewTrackerCollectionViewCell.swift in Sources */,
				E85261512E3E353500D1CED4 /* TrackerRecord.swift in Sources */,
				E852614C2E3E34C500D1CED4 /* Tracker.swift in Sources */,
				E85261532E3E802E00D1CED4 /* Week.swift in Sources */,
				E852614F2E3E350B00D1CED4 /* TrackerCategory.swift in Sources */,
				E8AE75CA2E5E496F00B620CE /* CoreDataManager.swift in Sources */,
				E852611D2E34F73800D1CED4 /* TabBarController.swift in Sources */,
				E852611E2E34F73800D1CED4 /* AppDelegate.swift in Sources */,
				E8309C332E6B5A4800341789 /* TrackersDataProvider.swift in Sources */,
				E852611F2E34F73800D1CED4 /* SceneDelegate.swift in Sources */,
				E8F120CF2E59F92F0038D94E /* DaysValueTransformer.swift in Sources */,
				E85261262E3510FD00D1CED4 /* TrackersViewController.swift in Sources */,
				E8F120CD2E59EED30038D94E /* TrackerData.xcdatamodeld in Sources */,
				E8309C312E5F981000341789 /* NewTrackerCollectionSectionHeader.swift in Sources */,
				E8F1211A2E5A3B750038D94E /* TrackerRecordStore.swift in Sources */,
				E8F121182E5A3AF70038D94E /* TrackerCategoryStore.swift in Sources */,
				E85261552E3FC29400D1CED4 /* TrackersCollectionViewCell.swift in Sources */,
				E85261282E35112600D1CED4 /* StatsViewController.swift in Sources */,
				E847F0502E4A926D00196DC4 /* WeekDayViewController.swift in Sources */,
			);
			runOnlyForDeploymentPostprocessing = 0;
		};
/* End PBXSourcesBuildPhase section */

/* Begin PBXVariantGroup section */
		E85261192E34F73800D1CED4 /* LaunchScreen.storyboard */ = {
			isa = PBXVariantGroup;
			children = (
				E85261182E34F73800D1CED4 /* Base */,
			);
			name = LaunchScreen.storyboard;
			sourceTree = "<group>";
		};
/* End PBXVariantGroup section */

/* Begin XCBuildConfiguration section */
		E8307A0C2E32B3260069F31A /* Debug */ = {
			isa = XCBuildConfiguration;
			buildSettings = {
				ASSETCATALOG_COMPILER_APPICON_NAME = AppIcon;
				ASSETCATALOG_COMPILER_GLOBAL_ACCENT_COLOR_NAME = AccentColor;
				CODE_SIGN_STYLE = Automatic;
				CURRENT_PROJECT_VERSION = 1;
				DEVELOPMENT_TEAM = M8V82WNZF8;
				GENERATE_INFOPLIST_FILE = YES;
				INFOPLIST_FILE = Tracker/Info.plist;
				INFOPLIST_KEY_UIApplicationSupportsIndirectInputEvents = YES;
				INFOPLIST_KEY_UILaunchStoryboardName = LaunchScreen;
				INFOPLIST_KEY_UISupportedInterfaceOrientations_iPad = "UIInterfaceOrientationPortrait UIInterfaceOrientationPortraitUpsideDown UIInterfaceOrientationLandscapeLeft UIInterfaceOrientationLandscapeRight";
				INFOPLIST_KEY_UISupportedInterfaceOrientations_iPhone = "UIInterfaceOrientationPortrait UIInterfaceOrientationLandscapeLeft UIInterfaceOrientationLandscapeRight";
				IPHONEOS_DEPLOYMENT_TARGET = 17;
				LD_RUNPATH_SEARCH_PATHS = (
					"$(inherited)",
					"@executable_path/Frameworks",
				);
				MARKETING_VERSION = 1.0;
				PRODUCT_BUNDLE_IDENTIFIER = ru.sergswan.lebed.Tracker;
				PRODUCT_NAME = "$(TARGET_NAME)";
				SWIFT_EMIT_LOC_STRINGS = YES;
				SWIFT_VERSION = 5.0;
				TARGETED_DEVICE_FAMILY = "1,2";
			};
			name = Debug;
		};
		E8307A0D2E32B3260069F31A /* Release */ = {
			isa = XCBuildConfiguration;
			buildSettings = {
				ASSETCATALOG_COMPILER_APPICON_NAME = AppIcon;
				ASSETCATALOG_COMPILER_GLOBAL_ACCENT_COLOR_NAME = AccentColor;
				CODE_SIGN_STYLE = Automatic;
				CURRENT_PROJECT_VERSION = 1;
				DEVELOPMENT_TEAM = M8V82WNZF8;
				GENERATE_INFOPLIST_FILE = YES;
				INFOPLIST_FILE = Tracker/Info.plist;
				INFOPLIST_KEY_UIApplicationSupportsIndirectInputEvents = YES;
				INFOPLIST_KEY_UILaunchStoryboardName = LaunchScreen;
				INFOPLIST_KEY_UISupportedInterfaceOrientations_iPad = "UIInterfaceOrientationPortrait UIInterfaceOrientationPortraitUpsideDown UIInterfaceOrientationLandscapeLeft UIInterfaceOrientationLandscapeRight";
				INFOPLIST_KEY_UISupportedInterfaceOrientations_iPhone = "UIInterfaceOrientationPortrait UIInterfaceOrientationLandscapeLeft UIInterfaceOrientationLandscapeRight";
				IPHONEOS_DEPLOYMENT_TARGET = 17;
				LD_RUNPATH_SEARCH_PATHS = (
					"$(inherited)",
					"@executable_path/Frameworks",
				);
				MARKETING_VERSION = 1.0;
				PRODUCT_BUNDLE_IDENTIFIER = ru.sergswan.lebed.Tracker;
				PRODUCT_NAME = "$(TARGET_NAME)";
				SWIFT_EMIT_LOC_STRINGS = YES;
				SWIFT_VERSION = 5.0;
				TARGETED_DEVICE_FAMILY = "1,2";
			};
			name = Release;
		};
		E8307A0E2E32B3260069F31A /* Debug */ = {
			isa = XCBuildConfiguration;
			buildSettings = {
				ALWAYS_SEARCH_USER_PATHS = NO;
				ASSETCATALOG_COMPILER_GENERATE_SWIFT_ASSET_SYMBOL_EXTENSIONS = YES;
				CLANG_ANALYZER_NONNULL = YES;
				CLANG_ANALYZER_NUMBER_OBJECT_CONVERSION = YES_AGGRESSIVE;
				CLANG_CXX_LANGUAGE_STANDARD = "gnu++20";
				CLANG_ENABLE_MODULES = YES;
				CLANG_ENABLE_OBJC_ARC = YES;
				CLANG_ENABLE_OBJC_WEAK = YES;
				CLANG_WARN_BLOCK_CAPTURE_AUTORELEASING = YES;
				CLANG_WARN_BOOL_CONVERSION = YES;
				CLANG_WARN_COMMA = YES;
				CLANG_WARN_CONSTANT_CONVERSION = YES;
				CLANG_WARN_DEPRECATED_OBJC_IMPLEMENTATIONS = YES;
				CLANG_WARN_DIRECT_OBJC_ISA_USAGE = YES_ERROR;
				CLANG_WARN_DOCUMENTATION_COMMENTS = YES;
				CLANG_WARN_EMPTY_BODY = YES;
				CLANG_WARN_ENUM_CONVERSION = YES;
				CLANG_WARN_INFINITE_RECURSION = YES;
				CLANG_WARN_INT_CONVERSION = YES;
				CLANG_WARN_NON_LITERAL_NULL_CONVERSION = YES;
				CLANG_WARN_OBJC_IMPLICIT_RETAIN_SELF = YES;
				CLANG_WARN_OBJC_LITERAL_CONVERSION = YES;
				CLANG_WARN_OBJC_ROOT_CLASS = YES_ERROR;
				CLANG_WARN_QUOTED_INCLUDE_IN_FRAMEWORK_HEADER = YES;
				CLANG_WARN_RANGE_LOOP_ANALYSIS = YES;
				CLANG_WARN_STRICT_PROTOTYPES = YES;
				CLANG_WARN_SUSPICIOUS_MOVE = YES;
				CLANG_WARN_UNGUARDED_AVAILABILITY = YES_AGGRESSIVE;
				CLANG_WARN_UNREACHABLE_CODE = YES;
				CLANG_WARN__DUPLICATE_METHOD_MATCH = YES;
				COPY_PHASE_STRIP = NO;
				DEBUG_INFORMATION_FORMAT = dwarf;
				DEVELOPMENT_TEAM = M8V82WNZF8;
				ENABLE_STRICT_OBJC_MSGSEND = YES;
				ENABLE_TESTABILITY = YES;
				ENABLE_USER_SCRIPT_SANDBOXING = YES;
				GCC_C_LANGUAGE_STANDARD = gnu17;
				GCC_DYNAMIC_NO_PIC = NO;
				GCC_NO_COMMON_BLOCKS = YES;
				GCC_OPTIMIZATION_LEVEL = 0;
				GCC_PREPROCESSOR_DEFINITIONS = (
					"DEBUG=1",
					"$(inherited)",
				);
				GCC_WARN_64_TO_32_BIT_CONVERSION = YES;
				GCC_WARN_ABOUT_RETURN_TYPE = YES_ERROR;
				GCC_WARN_UNDECLARED_SELECTOR = YES;
				GCC_WARN_UNINITIALIZED_AUTOS = YES_AGGRESSIVE;
				GCC_WARN_UNUSED_FUNCTION = YES;
				GCC_WARN_UNUSED_VARIABLE = YES;
				IPHONEOS_DEPLOYMENT_TARGET = 18.5;
				LOCALIZATION_PREFERS_STRING_CATALOGS = YES;
				MTL_ENABLE_DEBUG_INFO = INCLUDE_SOURCE;
				MTL_FAST_MATH = YES;
				ONLY_ACTIVE_ARCH = YES;
				SDKROOT = iphoneos;
				SWIFT_ACTIVE_COMPILATION_CONDITIONS = "DEBUG $(inherited)";
				SWIFT_OPTIMIZATION_LEVEL = "-Onone";
			};
			name = Debug;
		};
		E8307A0F2E32B3260069F31A /* Release */ = {
			isa = XCBuildConfiguration;
			buildSettings = {
				ALWAYS_SEARCH_USER_PATHS = NO;
				ASSETCATALOG_COMPILER_GENERATE_SWIFT_ASSET_SYMBOL_EXTENSIONS = YES;
				CLANG_ANALYZER_NONNULL = YES;
				CLANG_ANALYZER_NUMBER_OBJECT_CONVERSION = YES_AGGRESSIVE;
				CLANG_CXX_LANGUAGE_STANDARD = "gnu++20";
				CLANG_ENABLE_MODULES = YES;
				CLANG_ENABLE_OBJC_ARC = YES;
				CLANG_ENABLE_OBJC_WEAK = YES;
				CLANG_WARN_BLOCK_CAPTURE_AUTORELEASING = YES;
				CLANG_WARN_BOOL_CONVERSION = YES;
				CLANG_WARN_COMMA = YES;
				CLANG_WARN_CONSTANT_CONVERSION = YES;
				CLANG_WARN_DEPRECATED_OBJC_IMPLEMENTATIONS = YES;
				CLANG_WARN_DIRECT_OBJC_ISA_USAGE = YES_ERROR;
				CLANG_WARN_DOCUMENTATION_COMMENTS = YES;
				CLANG_WARN_EMPTY_BODY = YES;
				CLANG_WARN_ENUM_CONVERSION = YES;
				CLANG_WARN_INFINITE_RECURSION = YES;
				CLANG_WARN_INT_CONVERSION = YES;
				CLANG_WARN_NON_LITERAL_NULL_CONVERSION = YES;
				CLANG_WARN_OBJC_IMPLICIT_RETAIN_SELF = YES;
				CLANG_WARN_OBJC_LITERAL_CONVERSION = YES;
				CLANG_WARN_OBJC_ROOT_CLASS = YES_ERROR;
				CLANG_WARN_QUOTED_INCLUDE_IN_FRAMEWORK_HEADER = YES;
				CLANG_WARN_RANGE_LOOP_ANALYSIS = YES;
				CLANG_WARN_STRICT_PROTOTYPES = YES;
				CLANG_WARN_SUSPICIOUS_MOVE = YES;
				CLANG_WARN_UNGUARDED_AVAILABILITY = YES_AGGRESSIVE;
				CLANG_WARN_UNREACHABLE_CODE = YES;
				CLANG_WARN__DUPLICATE_METHOD_MATCH = YES;
				COPY_PHASE_STRIP = NO;
				DEBUG_INFORMATION_FORMAT = "dwarf-with-dsym";
				DEVELOPMENT_TEAM = M8V82WNZF8;
				ENABLE_NS_ASSERTIONS = NO;
				ENABLE_STRICT_OBJC_MSGSEND = YES;
				ENABLE_USER_SCRIPT_SANDBOXING = YES;
				GCC_C_LANGUAGE_STANDARD = gnu17;
				GCC_NO_COMMON_BLOCKS = YES;
				GCC_WARN_64_TO_32_BIT_CONVERSION = YES;
				GCC_WARN_ABOUT_RETURN_TYPE = YES_ERROR;
				GCC_WARN_UNDECLARED_SELECTOR = YES;
				GCC_WARN_UNINITIALIZED_AUTOS = YES_AGGRESSIVE;
				GCC_WARN_UNUSED_FUNCTION = YES;
				GCC_WARN_UNUSED_VARIABLE = YES;
				IPHONEOS_DEPLOYMENT_TARGET = 18.5;
				LOCALIZATION_PREFERS_STRING_CATALOGS = YES;
				MTL_ENABLE_DEBUG_INFO = NO;
				MTL_FAST_MATH = YES;
				SDKROOT = iphoneos;
				SWIFT_COMPILATION_MODE = wholemodule;
				VALIDATE_PRODUCT = YES;
			};
			name = Release;
		};
/* End XCBuildConfiguration section */

/* Begin XCConfigurationList section */
		E83079F32E32B3240069F31A /* Build configuration list for PBXProject "Tracker" */ = {
			isa = XCConfigurationList;
			buildConfigurations = (
				E8307A0E2E32B3260069F31A /* Debug */,
				E8307A0F2E32B3260069F31A /* Release */,
			);
			defaultConfigurationIsVisible = 0;
			defaultConfigurationName = Release;
		};
		E8307A0B2E32B3260069F31A /* Build configuration list for PBXNativeTarget "Tracker" */ = {
			isa = XCConfigurationList;
			buildConfigurations = (
				E8307A0C2E32B3260069F31A /* Debug */,
				E8307A0D2E32B3260069F31A /* Release */,
			);
			defaultConfigurationIsVisible = 0;
			defaultConfigurationName = Release;
		};
/* End XCConfigurationList section */

/* Begin XCVersionGroup section */
		E8F120CB2E59EED30038D94E /* TrackerData.xcdatamodeld */ = {
			isa = XCVersionGroup;
			children = (
				E8F120CC2E59EED30038D94E /* TrackerData.xcdatamodel */,
			);
			currentVersion = E8F120CC2E59EED30038D94E /* TrackerData.xcdatamodel */;
			name = TrackerData.xcdatamodeld;
			path = Tracker/CoreData/TrackerData.xcdatamodeld;
			sourceTree = SOURCE_ROOT;
			versionGroupType = wrapper.xcdatamodel;
		};
/* End XCVersionGroup section */
	};
	rootObject = E83079F02E32B3240069F31A /* Project object */;
}
